<Solution>
  <Project Path="NetCoreAI.Project10_TextToSpeech/NetCoreAI.Project10_TextToSpeech.csproj" Id="46f293be-eb11-4ba4-bfd7-0ec460b75164" />
  <Project Path="NetCoreAI.Project11_TextToSpeechAI/NetCoreAI.Project11_TextToSpeechAI.csproj" Id="eed55d23-acb9-4c52-a6a3-d87b689fea41" />
  <Project Path="NetCoreAI.Project12_SentimentAnalyzer/NetCoreAI.Project12_SentimentAnalyzer.csproj" Id="e2b15826-25c7-4f96-91f0-067063ad0199" />
  <Project Path="NetCoreAI.Project13_ArticleSummarizeAI/NetCoreAI.Project13_ArticleSummarizeAI.csproj" Id="3a962840-abb1-4210-b4ed-1ea056d994de" />
  <Project Path="NetCoreAI.Project14_WebScrapingAI/NetCoreAI.Project14_WebScrapingAI.csproj" Id="6b777f15-9a0f-4af2-a787-95f5205efdc9" />
  <Project Path="NetCoreAI.Project1_ApiDemo/NetCoreAI.Project1_ApiDemo.csproj" />
  <Project Path="NetCoreAI.Project2_ApiConsumeUI/NetCoreAI.Project2_ApiConsumeUI.csproj" Id="20c696ba-3d5d-40cd-9818-6466622671e1" />
  <Project Path="NetCoreAI.Project3_RapidApi/NetCoreAI.Project3_RapidApi.csproj" Id="f4485b5c-32e8-4892-babe-61261b8ee9f6" />
  <Project Path="NetCoreAI.Project4_OpenAIChat/NetCoreAI.Project4_OpenAIChat.csproj" Id="81d4f865-add6-4810-85ae-411a406c8177" />
  <Project Path="NetCoreAI.Project5_OpenWhisperAudioTranskript/NetCoreAI.Project5_OpenWhisperAudioTranskript.csproj" Id="6fa9b2fc-dc7a-40ae-8f5e-d1dca32604f0" />
  <Project Path="NetCoreAI.Project6_DallEImageGeneration/NetCoreAI.Project6_DallEImageGeneration.csproj" Id="a970de97-2836-40f3-8a62-0f1c8fe3f70d" />
  <Project Path="NetCoreAI.Project7_TesseractOCR/NetCoreAI.Project7_TesseractOCR.csproj" Id="712722f2-6fbe-40c5-aceb-f57c4f836846" />
  <Project Path="NetCoreAI.Project8_GoogleCloudVision/NetCoreAI.Project8_GoogleCloudVision.csproj" Id="618bd7a5-a1d5-4fde-aefa-47113a5c9048" />
  <Project Path="NetCoreAI.Project9_OpenAITranslate/NetCoreAI.Project9_OpenAITranslate.csproj" Id="9148f543-4ed0-4f51-b20d-4068ce0f685f" />
</Solution>
